
Microsoft Visual Studio Solution File, Format Version 12.00
# Visual Studio 15
VisualStudioVersion = 15.0.28307.421
MinimumVisualStudioVersion = 10.0.40219.1
Project("{FAE04EC0-301F-11D3-BF4B-00C04F79EFBC}") = "WpfApp1", "WpfApp1\WpfApp1.csproj", "{DC0AD793-FD15-4F18-AAFC-7B53AA52ACCF}"
EndProject
Global
	GlobalSection(SolutionConfigurationPlatforms) = preSolution
		Debug|Any CPU = Debug|Any CPU
		Release|Any CPU = Release|Any CPU
	EndGlobalSection
	GlobalSection(ProjectConfigurationPlatforms) = postSolution
		{DC0AD793-FD15-4F18-AAFC-7B53AA52ACCF}.Debug|Any CPU.ActiveCfg = Debug|Any CPU
		{DC0AD793-FD15-4F18-AAFC-7B53AA52ACCF}.Debug|Any CPU.Build.0 = Debug|Any CPU
		{DC0AD793-FD15-4F18-AAFC-7B53AA52ACCF}.Release|Any CPU.ActiveCfg = Release|Any CPU
		{DC0AD793-FD15-4F18-AAFC-7B53AA52ACCF}.Release|Any CPU.Build.0 = Release|Any CPU
	EndGlobalSection
	GlobalSection(SolutionProperties) = preSolution
		HideSolutionNode = FALSE
	EndGlobalSection
	GlobalSection(ExtensibilityGlobals) = postSolution
		SolutionGuid = {69F0BBED-40DE-4D8E-8A2F-82E18C80BF0C}
	EndGlobalSection
EndGlobal
